
Microsoft Visual Studio Solution File, Format Version 12.00
# Visual Studio 2013
VisualStudioVersion = 12.0.31101.0
MinimumVisualStudioVersion = 10.0.40219.1
Project("{2150E333-8FDC-42A3-9474-1A3956D46DE8}") = "Grayeed", "Grayeed", "{EA3F8BA8-D815-48FE-99FD-CA4769422E41}"
EndProject
Project("{D954291E-2A0B-460D-934E-DC6B0785DB48}") = "Grayeed.Shared", "Grayeed\Grayeed.Shared\Grayeed.Shared.shproj", "{1A91BF20-25F1-47EB-B903-5582924C503A}"
EndProject
Project("{FAE04EC0-301F-11D3-BF4B-00C04F79EFBC}") = "Grayeed.Windows", "Grayeed\Grayeed.Windows\Grayeed.Windows.csproj", "{FFD402BD-FEF1-4CF6-92EA-E5E1560B93B0}"
EndProject
Project("{FAE04EC0-301F-11D3-BF4B-00C04F79EFBC}") = "Grayeed.WindowsPhone", "Grayeed\Grayeed.WindowsPhone\Grayeed.WindowsPhone.csproj", "{ADE8B1C3-4570-4C2E-A4B5-9C7CA0A4FA5B}"
EndProject
Global
	GlobalSection(SharedMSBuildProjectFiles) = preSolution
		Grayeed\Grayeed.Shared\Grayeed.Shared.projitems*{ffd402bd-fef1-4cf6-92ea-e5e1560b93b0}*SharedItemsImports = 4
		Grayeed\Grayeed.Shared\Grayeed.Shared.projitems*{1a91bf20-25f1-47eb-b903-5582924c503a}*SharedItemsImports = 13
		Grayeed\Grayeed.Shared\Grayeed.Shared.projitems*{ade8b1c3-4570-4c2e-a4b5-9c7ca0a4fa5b}*SharedItemsImports = 4
	EndGlobalSection
	GlobalSection(SolutionConfigurationPlatforms) = preSolution
		Debug|Any CPU = Debug|Any CPU
		Debug|ARM = Debug|ARM
		Debug|x64 = Debug|x64
		Debug|x86 = Debug|x86
		Release|Any CPU = Release|Any CPU
		Release|ARM = Release|ARM
		Release|x64 = Release|x64
		Release|x86 = Release|x86
	EndGlobalSection
	GlobalSection(ProjectConfigurationPlatforms) = postSolution
		{FFD402BD-FEF1-4CF6-92EA-E5E1560B93B0}.Debug|Any CPU.ActiveCfg = Debug|x86
		{FFD402BD-FEF1-4CF6-92EA-E5E1560B93B0}.Debug|Any CPU.Build.0 = Debug|x86
		{FFD402BD-FEF1-4CF6-92EA-E5E1560B93B0}.Debug|Any CPU.Deploy.0 = Debug|x86
		{FFD402BD-FEF1-4CF6-92EA-E5E1560B93B0}.Debug|ARM.ActiveCfg = Debug|ARM
		{FFD402BD-FEF1-4CF6-92EA-E5E1560B93B0}.Debug|ARM.Build.0 = Debug|ARM
		{FFD402BD-FEF1-4CF6-92EA-E5E1560B93B0}.Debug|ARM.Deploy.0 = Debug|ARM
		{FFD402BD-FEF1-4CF6-92EA-E5E1560B93B0}.Debug|x64.ActiveCfg = Debug|x64
		{FFD402BD-FEF1-4CF6-92EA-E5E1560B93B0}.Debug|x64.Build.0 = Debug|x64
		{FFD402BD-FEF1-4CF6-92EA-E5E1560B93B0}.Debug|x64.Deploy.0 = Debug|x64
		{FFD402BD-FEF1-4CF6-92EA-E5E1560B93B0}.Debug|x86.ActiveCfg = Debug|x86
		{FFD402BD-FEF1-4CF6-92EA-E5E1560B93B0}.Debug|x86.Build.0 = Debug|x86
		{FFD402BD-FEF1-4CF6-92EA-E5E1560B93B0}.Debug|x86.Deploy.0 = Debug|x86
		{FFD402BD-FEF1-4CF6-92EA-E5E1560B93B0}.Release|Any CPU.ActiveCfg = Release|Any CPU
		{FFD402BD-FEF1-4CF6-92EA-E5E1560B93B0}.Release|Any CPU.Build.0 = Release|Any CPU
		{FFD402BD-FEF1-4CF6-92EA-E5E1560B93B0}.Release|Any CPU.Deploy.0 = Release|Any CPU
		{FFD402BD-FEF1-4CF6-92EA-E5E1560B93B0}.Release|ARM.ActiveCfg = Release|ARM
		{FFD402BD-FEF1-4CF6-92EA-E5E1560B93B0}.Release|ARM.Build.0 = Release|ARM
		{FFD402BD-FEF1-4CF6-92EA-E5E1560B93B0}.Release|ARM.Deploy.0 = Release|ARM
		{FFD402BD-FEF1-4CF6-92EA-E5E1560B93B0}.Release|x64.ActiveCfg = Release|x64
		{FFD402BD-FEF1-4CF6-92EA-E5E1560B93B0}.Release|x64.Build.0 = Release|x64
		{FFD402BD-FEF1-4CF6-92EA-E5E1560B93B0}.Release|x64.Deploy.0 = Release|x64
		{FFD402BD-FEF1-4CF6-92EA-E5E1560B93B0}.Release|x86.ActiveCfg = Release|x86
		{FFD402BD-FEF1-4CF6-92EA-E5E1560B93B0}.Release|x86.Build.0 = Release|x86
		{FFD402BD-FEF1-4CF6-92EA-E5E1560B93B0}.Release|x86.Deploy.0 = Release|x86
		{ADE8B1C3-4570-4C2E-A4B5-9C7CA0A4FA5B}.Debug|Any CPU.ActiveCfg = Debug|Any CPU
		{ADE8B1C3-4570-4C2E-A4B5-9C7CA0A4FA5B}.Debug|Any CPU.Build.0 = Debug|Any CPU
		{ADE8B1C3-4570-4C2E-A4B5-9C7CA0A4FA5B}.Debug|Any CPU.Deploy.0 = Debug|Any CPU
		{ADE8B1C3-4570-4C2E-A4B5-9C7CA0A4FA5B}.Debug|ARM.ActiveCfg = Debug|ARM
		{ADE8B1C3-4570-4C2E-A4B5-9C7CA0A4FA5B}.Debug|ARM.Build.0 = Debug|ARM
		{ADE8B1C3-4570-4C2E-A4B5-9C7CA0A4FA5B}.Debug|ARM.Deploy.0 = Debug|ARM
		{ADE8B1C3-4570-4C2E-A4B5-9C7CA0A4FA5B}.Debug|x64.ActiveCfg = Debug|Any CPU
		{ADE8B1C3-4570-4C2E-A4B5-9C7CA0A4FA5B}.Debug|x86.ActiveCfg = Debug|x86
		{ADE8B1C3-4570-4C2E-A4B5-9C7CA0A4FA5B}.Debug|x86.Build.0 = Debug|x86
		{ADE8B1C3-4570-4C2E-A4B5-9C7CA0A4FA5B}.Debug|x86.Deploy.0 = Debug|x86
		{ADE8B1C3-4570-4C2E-A4B5-9C7CA0A4FA5B}.Release|Any CPU.ActiveCfg = Release|Any CPU
		{ADE8B1C3-4570-4C2E-A4B5-9C7CA0A4FA5B}.Release|Any CPU.Build.0 = Release|Any CPU
		{ADE8B1C3-4570-4C2E-A4B5-9C7CA0A4FA5B}.Release|Any CPU.Deploy.0 = Release|Any CPU
		{ADE8B1C3-4570-4C2E-A4B5-9C7CA0A4FA5B}.Release|ARM.ActiveCfg = Release|ARM
		{ADE8B1C3-4570-4C2E-A4B5-9C7CA0A4FA5B}.Release|ARM.Build.0 = Release|ARM
		{ADE8B1C3-4570-4C2E-A4B5-9C7CA0A4FA5B}.Release|ARM.Deploy.0 = Release|ARM
		{ADE8B1C3-4570-4C2E-A4B5-9C7CA0A4FA5B}.Release|x64.ActiveCfg = Release|Any CPU
		{ADE8B1C3-4570-4C2E-A4B5-9C7CA0A4FA5B}.Release|x86.ActiveCfg = Release|x86
		{ADE8B1C3-4570-4C2E-A4B5-9C7CA0A4FA5B}.Release|x86.Build.0 = Release|x86
		{ADE8B1C3-4570-4C2E-A4B5-9C7CA0A4FA5B}.Release|x86.Deploy.0 = Release|x86
	EndGlobalSection
	GlobalSection(SolutionProperties) = preSolution
		HideSolutionNode = FALSE
	EndGlobalSection
	GlobalSection(NestedProjects) = preSolution
		{1A91BF20-25F1-47EB-B903-5582924C503A} = {EA3F8BA8-D815-48FE-99FD-CA4769422E41}
		{FFD402BD-FEF1-4CF6-92EA-E5E1560B93B0} = {EA3F8BA8-D815-48FE-99FD-CA4769422E41}
		{ADE8B1C3-4570-4C2E-A4B5-9C7CA0A4FA5B} = {EA3F8BA8-D815-48FE-99FD-CA4769422E41}
	EndGlobalSection
EndGlobal
